
Microsoft Visual Studio Solution File, Format Version 12.00
Project("{FAE04EC0-301F-11D3-BF4B-00C04F79EFBC}") = "signalR-demo", "signalR-demo\signalR-demo.csproj", "{4E80C3A5-0BEC-46D6-99B7-59DD6C6FCAAD}"
EndProject
Global
	GlobalSection(SolutionConfigurationPlatforms) = preSolution
		Debug|Any CPU = Debug|Any CPU
		Release|Any CPU = Release|Any CPU
	EndGlobalSection
	GlobalSection(ProjectConfigurationPlatforms) = postSolution
		{4E80C3A5-0BEC-46D6-99B7-59DD6C6FCAAD}.Debug|Any CPU.ActiveCfg = Debug|Any CPU
		{4E80C3A5-0BEC-46D6-99B7-59DD6C6FCAAD}.Debug|Any CPU.Build.0 = Debug|Any CPU
		{4E80C3A5-0BEC-46D6-99B7-59DD6C6FCAAD}.Release|Any CPU.ActiveCfg = Release|Any CPU
		{4E80C3A5-0BEC-46D6-99B7-59DD6C6FCAAD}.Release|Any CPU.Build.0 = Release|Any CPU
	EndGlobalSection
EndGlobal
